
Microsoft Visual Studio Solution File, Format Version 12.00
# Visual Studio Version 16
VisualStudioVersion = 16.0.30907.101
MinimumVisualStudioVersion = 10.0.40219.1
Project("{FAE04EC0-301F-11D3-BF4B-00C04F79EFBC}") = "GameProject", "GameProject\GameProject.csproj", "{AF378F6B-2C54-41FD-AB43-1F41E6EE07E9}"
EndProject
Global
	GlobalSection(SolutionConfigurationPlatforms) = preSolution
		Debug|Any CPU = Debug|Any CPU
		Release|Any CPU = Release|Any CPU
	EndGlobalSection
	GlobalSection(ProjectConfigurationPlatforms) = postSolution
		{AF378F6B-2C54-41FD-AB43-1F41E6EE07E9}.Debug|Any CPU.ActiveCfg = Debug|Any CPU
		{AF378F6B-2C54-41FD-AB43-1F41E6EE07E9}.Debug|Any CPU.Build.0 = Debug|Any CPU
		{AF378F6B-2C54-41FD-AB43-1F41E6EE07E9}.Release|Any CPU.ActiveCfg = Release|Any CPU
		{AF378F6B-2C54-41FD-AB43-1F41E6EE07E9}.Release|Any CPU.Build.0 = Release|Any CPU
	EndGlobalSection
	GlobalSection(SolutionProperties) = preSolution
		HideSolutionNode = FALSE
	EndGlobalSection
	GlobalSection(ExtensibilityGlobals) = postSolution
		SolutionGuid = {C94E5426-21EB-4700-A971-9DBBD78EFACF}
	EndGlobalSection
EndGlobal
